# THIS IS AN AUTOGENERATED FILE. DO NOT EDIT THIS FILE DIRECTLY.
# yarn lockfile v1


"@types/consul@^0.23.34":
  version "0.23.36"
  resolved "https://registry.yarnpkg.com/@types/consul/-/consul-0.23.36.tgz#d1bebe14767bacd6a03a170a464348f290c8dccc"
  integrity sha512-z+6PyRyfzBO9RXmHtc33Z96fisuSCIdY64c491ywobdvd0gbnRl7hc7Rscs9qrmL8hy8rvf+Xe0v4w7xrQYOIA==
  dependencies:
    "@types/node" "*"

"@types/node@*":
  version "20.4.6"
  resolved "https://registry.yarnpkg.com/@types/node/-/node-20.4.6.tgz#b66b66c9bb5d49b199f03399e341c9d6036e9e88"
  integrity sha512-q0RkvNgMweWWIvSMDiXhflGUKMdIxBo2M2tYM/0kEGDueQByFzK4KZAgu5YHGFNxziTlppNpTIBcqHQAxlfHdA==

consul@0.40.0:
  version "0.40.0"
  resolved "https://registry.yarnpkg.com/consul/-/consul-0.40.0.tgz#ab5d001961c56644d7bb2c3bc21e430a59869940"
  integrity sha512-GJdxzLAXJZZDddGhgVBeac2KeBGPABWeAlxGVjct5fAwSa2P0Zqy/e2MDPa6O1OvR5h2ko10zCyRrMjctbfytg==
  dependencies:
    papi "^0.29.0"

papi@^0.29.0:
  version "0.29.1"
  resolved "https://registry.yarnpkg.com/papi/-/papi-0.29.1.tgz#7373e2c527f5117d61fd2a0e6c6b1dd72bf7f180"
  integrity sha512-Y9ipSMfWuuVFO3zY9PlxOmEg+bQ7CeJ28sa9/a0veYNynLf9fwjR3+3fld5otEy7okUaEOUuCHVH62MyTmACXQ==
